
Microsoft Visual Studio Solution File, Format Version 12.00
# Visual Studio 2013
VisualStudioVersion = 12.0.31101.0
MinimumVisualStudioVersion = 10.0.40219.1
Project("{FAE04EC0-301F-11D3-BF4B-00C04F79EFBC}") = "Web Scrape", "Web Scrape\Web Scrape.csproj", "{FD2FF900-3297-4A24-84D2-09EE1F31FB38}"
EndProject
Project("{2150E333-8FDC-42A3-9474-1A3956D46DE8}") = "Solution Items", "Solution Items", "{244B0009-A9D5-4C19-B55D-46F5A693551F}"
	ProjectSection(SolutionItems) = preProject
		TextFile1.txt = TextFile1.txt
	EndProjectSection
EndProject
Global
	GlobalSection(SolutionConfigurationPlatforms) = preSolution
		Debug|Any CPU = Debug|Any CPU
		Release|Any CPU = Release|Any CPU
	EndGlobalSection
	GlobalSection(ProjectConfigurationPlatforms) = postSolution
		{FD2FF900-3297-4A24-84D2-09EE1F31FB38}.Debug|Any CPU.ActiveCfg = Debug|Any CPU
		{FD2FF900-3297-4A24-84D2-09EE1F31FB38}.Debug|Any CPU.Build.0 = Debug|Any CPU
		{FD2FF900-3297-4A24-84D2-09EE1F31FB38}.Release|Any CPU.ActiveCfg = Release|Any CPU
		{FD2FF900-3297-4A24-84D2-09EE1F31FB38}.Release|Any CPU.Build.0 = Release|Any CPU
	EndGlobalSection
	GlobalSection(SolutionProperties) = preSolution
		HideSolutionNode = FALSE
	EndGlobalSection
EndGlobal
